// !$*UTF8*$!
{
	archiveVersion = 1;
	classes = {
	};
	objectVersion = 50;
	objects = {

/* Begin PBXBuildFile section */
		043723CF223BD7250073635A /* AppDelegate.swift in Sources */ = {isa = PBXBuildFile; fileRef = 043723CE223BD7250073635A /* AppDelegate.swift */; };
		043723D4223BD7250073635A /* Main.storyboard in Resources */ = {isa = PBXBuildFile; fileRef = 043723D2223BD7250073635A /* Main.storyboard */; };
		043723D6223BD7290073635A /* Assets.xcassets in Resources */ = {isa = PBXBuildFile; fileRef = 043723D5223BD7290073635A /* Assets.xcassets */; };
		043723D9223BD7290073635A /* LaunchScreen.storyboard in Resources */ = {isa = PBXBuildFile; fileRef = 043723D7223BD7290073635A /* LaunchScreen.storyboard */; };
		043723E2223BD7820073635A /* UIIntroductionView.swift in Sources */ = {isa = PBXBuildFile; fileRef = 043723E1223BD7820073635A /* UIIntroductionView.swift */; };
/* End PBXBuildFile section */

/* Begin PBXFileReference section */
		043723CB223BD7250073635A /* coregraphics_tutorials_introduction.app */ = {isa = PBXFileReference; explicitFileType = wrapper.application; includeInIndex = 0; path = coregraphics_tutorials_introduction.app; sourceTree = BUILT_PRODUCTS_DIR; };
		043723CE223BD7250073635A /* AppDelegate.swift */ = {isa = PBXFileReference; lastKnownFileType = sourcecode.swift; path = AppDelegate.swift; sourceTree = "<group>"; };
		043723D3223BD7250073635A /* Base */ = {isa = PBXFileReference; lastKnownFileType = file.storyboard; name = Base; path = Base.lproj/Main.storyboard; sourceTree = "<group>"; };
		043723D5223BD7290073635A /* Assets.xcassets */ = {isa = PBXFileReference; lastKnownFileType = folder.assetcatalog; path = Assets.xcassets; sourceTree = "<group>"; };
		043723D8223BD7290073635A /* Base */ = {isa = PBXFileReference; lastKnownFileType = file.storyboard; name = Base; path = Base.lproj/LaunchScreen.storyboard; sourceTree = "<group>"; };
		043723DA223BD7290073635A /* Info.plist */ = {isa = PBXFileReference; lastKnownFileType = text.plist.xml; path = Info.plist; sourceTree = "<group>"; };
		043723E1223BD7820073635A /* UIIntroductionView.swift */ = {isa = PBXFileReference; lastKnownFileType = sourcecode.swift; path = UIIntroductionView.swift; sourceTree = "<group>"; };
/* End PBXFileReference section */

/* Begin PBXFrameworksBuildPhase section */
		043723C8223BD7250073635A /* Frameworks */ = {
			isa = PBXFrameworksBuildPhase;
			buildActionMask = 2147483647;
			files = (
			);
			runOnlyForDeploymentPostprocessing = 0;
		};
/* End PBXFrameworksBuildPhase section */

/* Begin PBXGroup section */
		043723C2223BD7250073635A = {
			isa = PBXGroup;
			children = (
				043723CD223BD7250073635A /* coregraphics_tutorials_introduction_part1 */,
				043723CC223BD7250073635A /* Products */,
			);
			sourceTree = "<group>";
		};
		043723CC223BD7250073635A /* Products */ = {
			isa = PBXGroup;
			children = (
				043723CB223BD7250073635A /* coregraphics_tutorials_introduction.app */,
			);
			name = Products;
			sourceTree = "<group>";
		};
		043723CD223BD7250073635A /* coregraphics_tutorials_introduction_part1 */ = {
			isa = PBXGroup;
			children = (
				043723E0223BD7660073635A /* views */,
				043723CE223BD7250073635A /* AppDelegate.swift */,
				043723D2223BD7250073635A /* Main.storyboard */,
				043723D5223BD7290073635A /* Assets.xcassets */,
				043723D7223BD7290073635A /* LaunchScreen.storyboard */,
				043723DA223BD7290073635A /* Info.plist */,
			);
			path = coregraphics_tutorials_introduction_part1;
			sourceTree = "<group>";
		};
		043723E0223BD7660073635A /* views */ = {
			isa = PBXGroup;
			children = (
				043723E1223BD7820073635A /* UIIntroductionView.swift */,
			);
			path = views;
			sourceTree = "<group>";
		};
/* End PBXGroup section */

/* Begin PBXNativeTarget section */
		043723CA223BD7250073635A /* coregraphics_tutorials_introduction */ = {
			isa = PBXNativeTarget;
			buildConfigurationList = 043723DD223BD7290073635A /* Build configuration list for PBXNativeTarget "coregraphics_tutorials_introduction" */;
			buildPhases = (
				043723C7223BD7250073635A /* Sources */,
				043723C8223BD7250073635A /* Frameworks */,
				043723C9223BD7250073635A /* Resources */,
			);
			buildRules = (
			);
			dependencies = (
			);
			name = coregraphics_tutorials_introduction;
			productName = coregraphics_tutorials_introduction;
			productReference = 043723CB223BD7250073635A /* coregraphics_tutorials_introduction.app */;
			productType = "com.apple.product-type.application";
		};
/* End PBXNativeTarget section */

/* Begin PBXProject section */
		043723C3223BD7250073635A /* Project object */ = {
			isa = PBXProject;
			attributes = {
				LastSwiftUpdateCheck = 1010;
				LastUpgradeCheck = 1010;
				ORGANIZATIONNAME = vc;
				TargetAttributes = {
					043723CA223BD7250073635A = {
						CreatedOnToolsVersion = 10.1;
					};
				};
			};
			buildConfigurationList = 043723C6223BD7250073635A /* Build configuration list for PBXProject "coregraphics_tutorials_introduction_part1" */;
			compatibilityVersion = "Xcode 9.3";
			developmentRegion = en;
			hasScannedForEncodings = 0;
			knownRegions = (
				en,
				Base,
			);
			mainGroup = 043723C2223BD7250073635A;
			productRefGroup = 043723CC223BD7250073635A /* Products */;
			projectDirPath = "";
			projectRoot = "";
			targets = (
				043723CA223BD7250073635A /* coregraphics_tutorials_introduction */,
			);
		};
/* End PBXProject section */

/* Begin PBXResourcesBuildPhase section */
		043723C9223BD7250073635A /* Resources */ = {
			isa = PBXResourcesBuildPhase;
			buildActionMask = 2147483647;
			files = (
				043723D9223BD7290073635A /* LaunchScreen.storyboard in Resources */,
				043723D6223BD7290073635A /* Assets.xcassets in Resources */,
				043723D4223BD7250073635A /* Main.storyboard in Resources */,
			);
			runOnlyForDeploymentPostprocessing = 0;
		};
/* End PBXResourcesBuildPhase section */

/* Begin PBXSourcesBuildPhase section */
		043723C7223BD7250073635A /* Sources */ = {
			isa = PBXSourcesBuildPhase;
			buildActionMask = 2147483647;
			files = (
				043723E2223BD7820073635A /* UIIntroductionView.swift in Sources */,
				043723CF223BD7250073635A /* AppDelegate.swift in Sources */,
			);
			runOnlyForDeploymentPostprocessing = 0;
		};
/* End PBXSourcesBuildPhase section */

/* Begin PBXVariantGroup section */
		043723D2223BD7250073635A /* Main.storyboard */ = {
			isa = PBXVariantGroup;
			children = (
				043723D3223BD7250073635A /* Base */,
			);
			name = Main.storyboard;
			sourceTree = "<group>";
		};
		043723D7223BD7290073635A /* LaunchScreen.storyboard */ = {
			isa = PBXVariantGroup;
			children = (
				043723D8223BD7290073635A /* Base */,
			);
			name = LaunchScreen.storyboard;
			sourceTree = "<group>";
		};
/* End PBXVariantGroup section */

/* Begin XCBuildConfiguration section */
		043723DB223BD7290073635A /* Debug */ = {
			isa = XCBuildConfiguration;
			buildSettings = {
				ALWAYS_SEARCH_USER_PATHS = NO;
				CLANG_ANALYZER_NONNULL = YES;
				CLANG_ANALYZER_NUMBER_OBJECT_CONVERSION = YES_AGGRESSIVE;
				CLANG_CXX_LANGUAGE_STANDARD = "gnu++14";
				CLANG_CXX_LIBRARY = "libc++";
				CLANG_ENABLE_MODULES = YES;
				CLANG_ENABLE_OBJC_ARC = YES;
				CLANG_ENABLE_OBJC_WEAK = YES;
				CLANG_WARN_BLOCK_CAPTURE_AUTORELEASING = YES;
				CLANG_WARN_BOOL_CONVERSION = YES;
				CLANG_WARN_COMMA = YES;
				CLANG_WARN_CONSTANT_CONVERSION = YES;
				CLANG_WARN_DEPRECATED_OBJC_IMPLEMENTATIONS = YES;
				CLANG_WARN_DIRECT_OBJC_ISA_USAGE = YES_ERROR;
				CLANG_WARN_DOCUMENTATION_COMMENTS = YES;
				CLANG_WARN_EMPTY_BODY = YES;
				CLANG_WARN_ENUM_CONVERSION = YES;
				CLANG_WARN_INFINITE_RECURSION = YES;
				CLANG_WARN_INT_CONVERSION = YES;
				CLANG_WARN_NON_LITERAL_NULL_CONVERSION = YES;
				CLANG_WARN_OBJC_IMPLICIT_RETAIN_SELF = YES;
				CLANG_WARN_OBJC_LITERAL_CONVERSION = YES;
				CLANG_WARN_OBJC_ROOT_CLASS = YES_ERROR;
				CLANG_WARN_RANGE_LOOP_ANALYSIS = YES;
				CLANG_WARN_STRICT_PROTOTYPES = YES;
				CLANG_WARN_SUSPICIOUS_MOVE = YES;
				CLANG_WARN_UNGUARDED_AVAILABILITY = YES_AGGRESSIVE;
				CLANG_WARN_UNREACHABLE_CODE = YES;
				CLANG_WARN__DUPLICATE_METHOD_MATCH = YES;
				CODE_SIGN_IDENTITY = "iPhone Developer";
				COPY_PHASE_STRIP = NO;
				DEBUG_INFORMATION_FORMAT = dwarf;
				ENABLE_STRICT_OBJC_MSGSEND = YES;
				ENABLE_TESTABILITY = YES;
				GCC_C_LANGUAGE_STANDARD = gnu11;
				GCC_DYNAMIC_NO_PIC = NO;
				GCC_NO_COMMON_BLOCKS = YES;
				GCC_OPTIMIZATION_LEVEL = 0;
				GCC_PREPROCESSOR_DEFINITIONS = (
					"DEBUG=1",
					"$(inherited)",
				);
				GCC_WARN_64_TO_32_BIT_CONVERSION = YES;
				GCC_WARN_ABOUT_RETURN_TYPE = YES_ERROR;
				GCC_WARN_UNDECLARED_SELECTOR = YES;
				GCC_WARN_UNINITIALIZED_AUTOS = YES_AGGRESSIVE;
				GCC_WARN_UNUSED_FUNCTION = YES;
				GCC_WARN_UNUSED_VARIABLE = YES;
				IPHONEOS_DEPLOYMENT_TARGET = 12.1;
				MTL_ENABLE_DEBUG_INFO = INCLUDE_SOURCE;
				MTL_FAST_MATH = YES;
				ONLY_ACTIVE_ARCH = YES;
				SDKROOT = iphoneos;
				SWIFT_ACTIVE_COMPILATION_CONDITIONS = DEBUG;
				SWIFT_OPTIMIZATION_LEVEL = "-Onone";
			};
			name = Debug;
		};
		043723DC223BD7290073635A /* Release */ = {
			isa = XCBuildConfiguration;
			buildSettings = {
				ALWAYS_SEARCH_USER_PATHS = NO;
				CLANG_ANALYZER_NONNULL = YES;
				CLANG_ANALYZER_NUMBER_OBJECT_CONVERSION = YES_AGGRESSIVE;
				CLANG_CXX_LANGUAGE_STANDARD = "gnu++14";
				CLANG_CXX_LIBRARY = "libc++";
				CLANG_ENABLE_MODULES = YES;
				CLANG_ENABLE_OBJC_ARC = YES;
				CLANG_ENABLE_OBJC_WEAK = YES;
				CLANG_WARN_BLOCK_CAPTURE_AUTORELEASING = YES;
				CLANG_WARN_BOOL_CONVERSION = YES;
				CLANG_WARN_COMMA = YES;
				CLANG_WARN_CONSTANT_CONVERSION = YES;
				CLANG_WARN_DEPRECATED_OBJC_IMPLEMENTATIONS = YES;
				CLANG_WARN_DIRECT_OBJC_ISA_USAGE = YES_ERROR;
				CLANG_WARN_DOCUMENTATION_COMMENTS = YES;
				CLANG_WARN_EMPTY_BODY = YES;
				CLANG_WARN_ENUM_CONVERSION = YES;
				CLANG_WARN_INFINITE_RECURSION = YES;
				CLANG_WARN_INT_CONVERSION = YES;
				CLANG_WARN_NON_LITERAL_NULL_CONVERSION = YES;
				CLANG_WARN_OBJC_IMPLICIT_RETAIN_SELF = YES;
				CLANG_WARN_OBJC_LITERAL_CONVERSION = YES;
				CLANG_WARN_OBJC_ROOT_CLASS = YES_ERROR;
				CLANG_WARN_RANGE_LOOP_ANALYSIS = YES;
				CLANG_WARN_STRICT_PROTOTYPES = YES;
				CLANG_WARN_SUSPICIOUS_MOVE = YES;
				CLANG_WARN_UNGUARDED_AVAILABILITY = YES_AGGRESSIVE;
				CLANG_WARN_UNREACHABLE_CODE = YES;
				CLANG_WARN__DUPLICATE_METHOD_MATCH = YES;
				CODE_SIGN_IDENTITY = "iPhone Developer";
				COPY_PHASE_STRIP = NO;
				DEBUG_INFORMATION_FORMAT = "dwarf-with-dsym";
				ENABLE_NS_ASSERTIONS = NO;
				ENABLE_STRICT_OBJC_MSGSEND = YES;
				GCC_C_LANGUAGE_STANDARD = gnu11;
				GCC_NO_COMMON_BLOCKS = YES;
				GCC_WARN_64_TO_32_BIT_CONVERSION = YES;
				GCC_WARN_ABOUT_RETURN_TYPE = YES_ERROR;
				GCC_WARN_UNDECLARED_SELECTOR = YES;
				GCC_WARN_UNINITIALIZED_AUTOS = YES_AGGRESSIVE;
				GCC_WARN_UNUSED_FUNCTION = YES;
				GCC_WARN_UNUSED_VARIABLE = YES;
				IPHONEOS_DEPLOYMENT_TARGET = 12.1;
				MTL_ENABLE_DEBUG_INFO = NO;
				MTL_FAST_MATH = YES;
				SDKROOT = iphoneos;
				SWIFT_COMPILATION_MODE = wholemodule;
				SWIFT_OPTIMIZATION_LEVEL = "-O";
				VALIDATE_PRODUCT = YES;
			};
			name = Release;
		};
		043723DE223BD7290073635A /* Debug */ = {
			isa = XCBuildConfiguration;
			buildSettings = {
				ASSETCATALOG_COMPILER_APPICON_NAME = AppIcon;
				CODE_SIGN_STYLE = Automatic;
				INFOPLIST_FILE = "$(SRCROOT)/coregraphics_tutorials_introduction_part1/Info.plist";
				LD_RUNPATH_SEARCH_PATHS = (
					"$(inherited)",
					"@executable_path/Frameworks",
				);
				PRODUCT_BUNDLE_IDENTIFIER = "com.coregraphics-tutorials-introduction.coregraphics-tutorials-introduction";
				PRODUCT_NAME = "$(TARGET_NAME)";
				SWIFT_VERSION = 4.2;
				TARGETED_DEVICE_FAMILY = "1,2";
			};
			name = Debug;
		};
		043723DF223BD7290073635A /* Release */ = {
			isa = XCBuildConfiguration;
			buildSettings = {
				ASSETCATALOG_COMPILER_APPICON_NAME = AppIcon;
				CODE_SIGN_STYLE = Automatic;
				INFOPLIST_FILE = "$(SRCROOT)/coregraphics_tutorials_introduction_part1/Info.plist";
				LD_RUNPATH_SEARCH_PATHS = (
					"$(inherited)",
					"@executable_path/Frameworks",
				);
				PRODUCT_BUNDLE_IDENTIFIER = "com.coregraphics-tutorials-introduction.coregraphics-tutorials-introduction";
				PRODUCT_NAME = "$(TARGET_NAME)";
				SWIFT_VERSION = 4.2;
				TARGETED_DEVICE_FAMILY = "1,2";
			};
			name = Release;
		};
/* End XCBuildConfiguration section */

/* Begin XCConfigurationList section */
		043723C6223BD7250073635A /* Build configuration list for PBXProject "coregraphics_tutorials_introduction_part1" */ = {
			isa = XCConfigurationList;
			buildConfigurations = (
				043723DB223BD7290073635A /* Debug */,
				043723DC223BD7290073635A /* Release */,
			);
			defaultConfigurationIsVisible = 0;
			defaultConfigurationName = Release;
		};
		043723DD223BD7290073635A /* Build configuration list for PBXNativeTarget "coregraphics_tutorials_introduction" */ = {
			isa = XCConfigurationList;
			buildConfigurations = (
				043723DE223BD7290073635A /* Debug */,
				043723DF223BD7290073635A /* Release */,
			);
			defaultConfigurationIsVisible = 0;
			defaultConfigurationName = Release;
		};
/* End XCConfigurationList section */
	};
	rootObject = 043723C3223BD7250073635A /* Project object */;
}
